
Microsoft Visual Studio Solution File, Format Version 12.00
# Visual Studio Version 17
VisualStudioVersion = 17.4.33205.214
MinimumVisualStudioVersion = 10.0.40219.1
Project("{FAE04EC0-301F-11D3-BF4B-00C04F79EFBC}") = "Mid Test", "Mid Test\Mid Test.csproj", "{2FB85A8A-02EB-4DB4-B41C-E3BF084CF5EA}"
EndProject
Global
	GlobalSection(SolutionConfigurationPlatforms) = preSolution
		Debug|Any CPU = Debug|Any CPU
		Release|Any CPU = Release|Any CPU
	EndGlobalSection
	GlobalSection(ProjectConfigurationPlatforms) = postSolution
		{2FB85A8A-02EB-4DB4-B41C-E3BF084CF5EA}.Debug|Any CPU.ActiveCfg = Debug|Any CPU
		{2FB85A8A-02EB-4DB4-B41C-E3BF084CF5EA}.Debug|Any CPU.Build.0 = Debug|Any CPU
		{2FB85A8A-02EB-4DB4-B41C-E3BF084CF5EA}.Release|Any CPU.ActiveCfg = Release|Any CPU
		{2FB85A8A-02EB-4DB4-B41C-E3BF084CF5EA}.Release|Any CPU.Build.0 = Release|Any CPU
	EndGlobalSection
	GlobalSection(SolutionProperties) = preSolution
		HideSolutionNode = FALSE
	EndGlobalSection
	GlobalSection(ExtensibilityGlobals) = postSolution
		SolutionGuid = {3CC17084-8C8D-47ED-9271-E17F2C3D9F5F}
	EndGlobalSection
EndGlobal
